PODS:
  - BulletinBoard (1.3.0)
  - ChameleonFramework/Default (2.1.0)
  - ChameleonFramework/Swift (2.1.0):
    - ChameleonFramework/Default
  - DateTimePicker (1.2)
  - DeckTransition (2.0.0)
  - Gifu (2.0.1)
  - Haptica (2.0.0)
  - Hokusai (0.4.0)
  - LTMorphingLabel (0.5.5)
  - M13Checkbox (3.2.1)
  - MarqueeLabel/Swift (3.1.4)
  - Motion (1.3.0):
    - Motion/Core (= 1.3.0)
  - Motion/Core (1.3.0)
  - NotificationBannerSwift (1.5.3):
    - MarqueeLabel/Swift
    - SnapKit (~> 4.0)
  - Peep (2.0.0)
  - PinterestSegment (1.2.0)
  - Reveal-SDK (11)
  - SideMenu (3.1.4)
  - SnapKit (4.0.0)
  - Stellar (0.66)
  - Typist (1.1.0)
  - ViewAnimator (1.0.2)

DEPENDENCIES:
  - BulletinBoard (from `https://github.com/CaliCastle/BulletinBoard.git`)
  - ChameleonFramework/Swift
  - DateTimePicker
  - DeckTransition
  - Gifu
  - Haptica
  - Hokusai
  - LTMorphingLabel
  - M13Checkbox
  - Motion
  - NotificationBannerSwift
  - Peep
  - PinterestSegment
  - Reveal-SDK
  - SideMenu
  - Stellar (from `https://github.com/AugustRush/Stellar.git`)
  - Typist
  - ViewAnimator

EXTERNAL SOURCES:
  BulletinBoard:
    :git: https://github.com/CaliCastle/BulletinBoard.git
  Stellar:
    :git: https://github.com/AugustRush/Stellar.git

CHECKOUT OPTIONS:
  BulletinBoard:
    :commit: c55de894853bc1fb4d2b9bb02be7594ff64e864a
    :git: https://github.com/CaliCastle/BulletinBoard.git
  Stellar:
    :commit: 8b76462f614f8cada1f59e1c17bf85a7045b2009
    :git: https://github.com/AugustRush/Stellar.git

SPEC CHECKSUMS:
  BulletinBoard: 3821a6d58d01be12d4ca2b9e5517d52848574b3c
  ChameleonFramework: d21a3cc247abfe5e37609a283a8238b03575cf64
  DateTimePicker: d3833535f731663cab99705326765a5ef18f66cc
  DeckTransition: 2300694f94fbeca2c103f365dc9dc09ffae14a4f
  Gifu: 90bd26ea4d65f8322c4cca8cbb0ca1418f5457ad
  Haptica: ed63c31f32f2aa17ecb479c110dd50904497bf5d
  Hokusai: aa3c38a5f02af0eff35aa69fdd8249c234c956c0
  LTMorphingLabel: 86464e41c3394dbf1ad098442ed4dcf8891ba975
  M13Checkbox: 12376f5b128189432508c240e4a36dc945ab7e4e
  MarqueeLabel: bf768455fe88d427f71476ebb23f9092b660f40b
  Motion: 1dcb3db74e157a4ba79ad99b5d437fe0222f1ddc
  NotificationBannerSwift: 0a6f482ddbafb9555668e592245af0da7871178e
  Peep: b3071f836746e37a4395ee8c83f5d7ab86746093
  PinterestSegment: d589fce6c62141466b9f36ea8ab0a16fde9ac8f4
  Reveal-SDK: 7fa13d04bb55db61ff2342a990cf731d5159361d
  SideMenu: 99021e70b3f2eee65b5dd88e4274d09031b1221e
  SnapKit: a42d492c16e80209130a3379f73596c3454b7694
  Stellar: 0fef0b57654a5128a05664c3c2e42993dc59a88c
  Typist: 31a3eb9d6b97ea28e0e247bb8b14ed23fe624170
  ViewAnimator: d7b18e0be98e05807f61ad886a36363727209377

PODFILE CHECKSUM: 9ef25b7822f9a92eee4119cf41eb51e545f123dd

COCOAPODS: 1.4.0.rc.1
